// !$*UTF8*$!
{
	archiveVersion = 1;
	classes = {
	};
	objectVersion = 77;
	objects = {

/* Begin PBXBuildFile section */
		050CD3908ED621E3E684DCFA /* SSDPService.swift in Sources */ = {isa = PBXBuildFile; fileRef = 04236877F71D516A35C7D387 /* SSDPService.swift */; };
		116528DEB249B6A1E8AAF64D /* DLNASource.swift in Sources */ = {isa = PBXBuildFile; fileRef = 7A7E111820E5FDDEC778706A /* DLNASource.swift */; };
		13A36F6921F26DFAE6911AB7 /* SOAPParser.swift in Sources */ = {isa = PBXBuildFile; fileRef = 748F18B451ED56B098E87EA6 /* SOAPParser.swift */; };
		140316743254A66582C1B1C3 /* LaunchScreen.storyboard in Resources */ = {isa = PBXBuildFile; fileRef = B7AF5EC67F95AC56598EBE84 /* LaunchScreen.storyboard */; };
		28623ABB38ED6DC197B93D7F /* ReceiverStatusView.swift in Sources */ = {isa = PBXBuildFile; fileRef = 24F99BA021C3D307FB913D67 /* ReceiverStatusView.swift */; };
		2A88C825B0C18A3840E76325 /* MediaServerManager.swift in Sources */ = {isa = PBXBuildFile; fileRef = F1305E7FDDF102EE7FEF33F6 /* MediaServerManager.swift */; };
		2B9372C3607FA8197B7873DB /* CarPlayTemplateBuilder.swift in Sources */ = {isa = PBXBuildFile; fileRef = F0261285E3529148B5B9006B /* CarPlayTemplateBuilder.swift */; };
		3E0248F0B2BB2E537738E3C5 /* CarPlaySceneDelegate.swift in Sources */ = {isa = PBXBuildFile; fileRef = 6D1DF5452401B7171867001E /* CarPlaySceneDelegate.swift */; };
		3E211C96E83BC258A00C1F27 /* HomeView.swift in Sources */ = {isa = PBXBuildFile; fileRef = BFB7459E7DDB5EDA806AF284 /* HomeView.swift */; };
		51C32BF436EFB7F6A982FBA9 /* MediaItem.swift in Sources */ = {isa = PBXBuildFile; fileRef = 18ACD52ABF1A7B28552D4461 /* MediaItem.swift */; };
		54CD3A709E2AD68730F1ECCA /* PlaybackHistory.swift in Sources */ = {isa = PBXBuildFile; fileRef = EDFAD59F56C09B5381E15979 /* PlaybackHistory.swift */; };
		59822749FB99636956C3219C /* SOAPParserTests.swift in Sources */ = {isa = PBXBuildFile; fileRef = B60FF26C454C96645770419A /* SOAPParserTests.swift */; };
		5C35A1F9A927F08DA758D11E /* VimuApp.swift in Sources */ = {isa = PBXBuildFile; fileRef = 1A6A1AC940D6C96E24296022 /* VimuApp.swift */; };
		5D0C5EEF22D5E8EF9EC35610 /* PlayerService.swift in Sources */ = {isa = PBXBuildFile; fileRef = 660729E7D1EB2358D4E27F8D /* PlayerService.swift */; };
		6652226C7906FFFD6772E2B3 /* UPnPDevice.swift in Sources */ = {isa = PBXBuildFile; fileRef = F2F4C4E0CC74BBEFB14FFDE6 /* UPnPDevice.swift */; };
		679E454F05B4296F01A44085 /* PlaybackSession.swift in Sources */ = {isa = PBXBuildFile; fileRef = 8C7E2C88733EEED0AA46DBFC /* PlaybackSession.swift */; };
		68BDC3F77DA1B8E3A24923A5 /* ServerDetailView.swift in Sources */ = {isa = PBXBuildFile; fileRef = 9DB84CA0B0516D2134A02B48 /* ServerDetailView.swift */; };
		7AB91B99A42945B1F9729709 /* URLSource.swift in Sources */ = {isa = PBXBuildFile; fileRef = 3AFF6727ECC3BD08E43CAF02 /* URLSource.swift */; };
		89DA8946BD4EFEACF2398772 /* EmbyClient.swift in Sources */ = {isa = PBXBuildFile; fileRef = 3A120596E64F5234CA07BEC1 /* EmbyClient.swift */; };
		8B1AC47B25A6B93AE413CA37 /* PhoneSceneDelegate.swift in Sources */ = {isa = PBXBuildFile; fileRef = B14EAE3275BD73317AF51934 /* PhoneSceneDelegate.swift */; };
		8B9514A9369E43CCC0F71B4B /* PlayerView.swift in Sources */ = {isa = PBXBuildFile; fileRef = C55C288C8B4FAACF79BACC9B /* PlayerView.swift */; };
		966038DC629D84579669E60F /* MainTabView.swift in Sources */ = {isa = PBXBuildFile; fileRef = 0F165796F8316D1BF9B3FB8A /* MainTabView.swift */; };
		A4787A196A7FB4A3A61F9E6A /* AVTransportService.swift in Sources */ = {isa = PBXBuildFile; fileRef = 76BBE039818E3F67996DF770 /* AVTransportService.swift */; };
		BA6D83B463B6A8559A194849 /* MediaServerProtocol.swift in Sources */ = {isa = PBXBuildFile; fileRef = B66609CD5D68A5EF10FFD0B0 /* MediaServerProtocol.swift */; };
		BB3DC469740DA95175A796C6 /* Assets.xcassets in Resources */ = {isa = PBXBuildFile; fileRef = F2D6E236EAC2DB5741D671FE /* Assets.xcassets */; };
		C7F10F97F35FFCB6CE8F18FD /* DiagnosticsView.swift in Sources */ = {isa = PBXBuildFile; fileRef = E827B3CDC4CF61EAA08C52F9 /* DiagnosticsView.swift */; };
		ECBB25DB69C5F10016CBC5EB /* ServersView.swift in Sources */ = {isa = PBXBuildFile; fileRef = CAF296D9591D25234EF14951 /* ServersView.swift */; };
		EDDDB39DB8C3B4B7CE4FDA08 /* CarPlayVideoPresentation.swift in Sources */ = {isa = PBXBuildFile; fileRef = 374C5D4CBA0BA8A717E971CD /* CarPlayVideoPresentation.swift */; };
		EEB1CFEA6DBE9A43E472D6D9 /* HTTPServer.swift in Sources */ = {isa = PBXBuildFile; fileRef = DBC0889A506949C3C7DB1444 /* HTTPServer.swift */; };
		F14B058ED228E4B86A2D5BD9 /* JellyfinClient.swift in Sources */ = {isa = PBXBuildFile; fileRef = 7851E143ADCDB91A4721717B /* JellyfinClient.swift */; };
		F84CABD3AE2BBDDC2CDC3F87 /* SettingsView.swift in Sources */ = {isa = PBXBuildFile; fileRef = 7FA4A3E3175129B6E19165B9 /* SettingsView.swift */; };
/* End PBXBuildFile section */

/* Begin PBXContainerItemProxy section */
		7D31F4138FF7AA8731382804 /* PBXContainerItemProxy */ = {
			isa = PBXContainerItemProxy;
			containerPortal = F234F65484567D4124D0CD44 /* Project object */;
			proxyType = 1;
			remoteGlobalIDString = 761E269E19B424F1E854B501;
			remoteInfo = Vimu;
		};
/* End PBXContainerItemProxy section */

/* Begin PBXFileReference section */
		04236877F71D516A35C7D387 /* SSDPService.swift */ = {isa = PBXFileReference; lastKnownFileType = sourcecode.swift; path = SSDPService.swift; sourceTree = "<group>"; };
		0F165796F8316D1BF9B3FB8A /* MainTabView.swift */ = {isa = PBXFileReference; lastKnownFileType = sourcecode.swift; path = MainTabView.swift; sourceTree = "<group>"; };
		18ACD52ABF1A7B28552D4461 /* MediaItem.swift */ = {isa = PBXFileReference; lastKnownFileType = sourcecode.swift; path = MediaItem.swift; sourceTree = "<group>"; };
		1A6A1AC940D6C96E24296022 /* VimuApp.swift */ = {isa = PBXFileReference; lastKnownFileType = sourcecode.swift; path = VimuApp.swift; sourceTree = "<group>"; };
		236199B7B2C8E019BBF2B2A4 /* VimuTests.xctest */ = {isa = PBXFileReference; includeInIndex = 0; lastKnownFileType = wrapper.cfbundle; path = VimuTests.xctest; sourceTree = BUILT_PRODUCTS_DIR; };
		24F99BA021C3D307FB913D67 /* ReceiverStatusView.swift */ = {isa = PBXFileReference; lastKnownFileType = sourcecode.swift; path = ReceiverStatusView.swift; sourceTree = "<group>"; };
		374C5D4CBA0BA8A717E971CD /* CarPlayVideoPresentation.swift */ = {isa = PBXFileReference; lastKnownFileType = sourcecode.swift; path = CarPlayVideoPresentation.swift; sourceTree = "<group>"; };
		3A120596E64F5234CA07BEC1 /* EmbyClient.swift */ = {isa = PBXFileReference; lastKnownFileType = sourcecode.swift; path = EmbyClient.swift; sourceTree = "<group>"; };
		3AFF6727ECC3BD08E43CAF02 /* URLSource.swift */ = {isa = PBXFileReference; lastKnownFileType = sourcecode.swift; path = URLSource.swift; sourceTree = "<group>"; };
		5AD2A11F27BF05B5FDFFF2AB /* Info.plist */ = {isa = PBXFileReference; lastKnownFileType = text.plist; path = Info.plist; sourceTree = "<group>"; };
		5EA388A3E17F8176FEDBC0DE /* Vimu.app */ = {isa = PBXFileReference; includeInIndex = 0; lastKnownFileType = wrapper.application; path = Vimu.app; sourceTree = BUILT_PRODUCTS_DIR; };
		660729E7D1EB2358D4E27F8D /* PlayerService.swift */ = {isa = PBXFileReference; lastKnownFileType = sourcecode.swift; path = PlayerService.swift; sourceTree = "<group>"; };
		6D1DF5452401B7171867001E /* CarPlaySceneDelegate.swift */ = {isa = PBXFileReference; lastKnownFileType = sourcecode.swift; path = CarPlaySceneDelegate.swift; sourceTree = "<group>"; };
		748F18B451ED56B098E87EA6 /* SOAPParser.swift */ = {isa = PBXFileReference; lastKnownFileType = sourcecode.swift; path = SOAPParser.swift; sourceTree = "<group>"; };
		76BBE039818E3F67996DF770 /* AVTransportService.swift */ = {isa = PBXFileReference; lastKnownFileType = sourcecode.swift; path = AVTransportService.swift; sourceTree = "<group>"; };
		7851E143ADCDB91A4721717B /* JellyfinClient.swift */ = {isa = PBXFileReference; lastKnownFileType = sourcecode.swift; path = JellyfinClient.swift; sourceTree = "<group>"; };
		7A7E111820E5FDDEC778706A /* DLNASource.swift */ = {isa = PBXFileReference; lastKnownFileType = sourcecode.swift; path = DLNASource.swift; sourceTree = "<group>"; };
		7FA4A3E3175129B6E19165B9 /* SettingsView.swift */ = {isa = PBXFileReference; lastKnownFileType = sourcecode.swift; path = SettingsView.swift; sourceTree = "<group>"; };
		8C7E2C88733EEED0AA46DBFC /* PlaybackSession.swift */ = {isa = PBXFileReference; lastKnownFileType = sourcecode.swift; path = PlaybackSession.swift; sourceTree = "<group>"; };
		9DB84CA0B0516D2134A02B48 /* ServerDetailView.swift */ = {isa = PBXFileReference; lastKnownFileType = sourcecode.swift; path = ServerDetailView.swift; sourceTree = "<group>"; };
		B14EAE3275BD73317AF51934 /* PhoneSceneDelegate.swift */ = {isa = PBXFileReference; lastKnownFileType = sourcecode.swift; path = PhoneSceneDelegate.swift; sourceTree = "<group>"; };
		B60FF26C454C96645770419A /* SOAPParserTests.swift */ = {isa = PBXFileReference; lastKnownFileType = sourcecode.swift; path = SOAPParserTests.swift; sourceTree = "<group>"; };
		B66609CD5D68A5EF10FFD0B0 /* MediaServerProtocol.swift */ = {isa = PBXFileReference; lastKnownFileType = sourcecode.swift; path = MediaServerProtocol.swift; sourceTree = "<group>"; };
		B7AF5EC67F95AC56598EBE84 /* LaunchScreen.storyboard */ = {isa = PBXFileReference; lastKnownFileType = file.storyboard; path = LaunchScreen.storyboard; sourceTree = "<group>"; };
		BFB7459E7DDB5EDA806AF284 /* HomeView.swift */ = {isa = PBXFileReference; lastKnownFileType = sourcecode.swift; path = HomeView.swift; sourceTree = "<group>"; };
		C55C288C8B4FAACF79BACC9B /* PlayerView.swift */ = {isa = PBXFileReference; lastKnownFileType = sourcecode.swift; path = PlayerView.swift; sourceTree = "<group>"; };
		CAF296D9591D25234EF14951 /* ServersView.swift */ = {isa = PBXFileReference; lastKnownFileType = sourcecode.swift; path = ServersView.swift; sourceTree = "<group>"; };
		DBC0889A506949C3C7DB1444 /* HTTPServer.swift */ = {isa = PBXFileReference; lastKnownFileType = sourcecode.swift; path = HTTPServer.swift; sourceTree = "<group>"; };
		E827B3CDC4CF61EAA08C52F9 /* DiagnosticsView.swift */ = {isa = PBXFileReference; lastKnownFileType = sourcecode.swift; path = DiagnosticsView.swift; sourceTree = "<group>"; };
		EDFAD59F56C09B5381E15979 /* PlaybackHistory.swift */ = {isa = PBXFileReference; lastKnownFileType = sourcecode.swift; path = PlaybackHistory.swift; sourceTree = "<group>"; };
		F0261285E3529148B5B9006B /* CarPlayTemplateBuilder.swift */ = {isa = PBXFileReference; lastKnownFileType = sourcecode.swift; path = CarPlayTemplateBuilder.swift; sourceTree = "<group>"; };
		F1305E7FDDF102EE7FEF33F6 /* MediaServerManager.swift */ = {isa = PBXFileReference; lastKnownFileType = sourcecode.swift; path = MediaServerManager.swift; sourceTree = "<group>"; };
		F2D6E236EAC2DB5741D671FE /* Assets.xcassets */ = {isa = PBXFileReference; lastKnownFileType = folder.assetcatalog; path = Assets.xcassets; sourceTree = "<group>"; };
		F2F4C4E0CC74BBEFB14FFDE6 /* UPnPDevice.swift */ = {isa = PBXFileReference; lastKnownFileType = sourcecode.swift; path = UPnPDevice.swift; sourceTree = "<group>"; };
/* End PBXFileReference section */

/* Begin PBXGroup section */
		1C8443BEE54835751EDCD9E7 /* Tests */ = {
			isa = PBXGroup;
			children = (
				B60FF26C454C96645770419A /* SOAPParserTests.swift */,
			);
			path = Tests;
			sourceTree = "<group>";
		};
		209AC3BA1D77579DB9456FA5 /* Sources */ = {
			isa = PBXGroup;
			children = (
				F2D6E236EAC2DB5741D671FE /* Assets.xcassets */,
				5AD2A11F27BF05B5FDFFF2AB /* Info.plist */,
				89DCDB9E65E434B8856D1706 /* Application */,
				D6DF3286E46562CB839355D2 /* CarPlay */,
				8B41F54A0C21BCF3F474D71F /* Diagnostics */,
				D2B18DCE78CD456E4D24B9EC /* iPhone */,
				8F79028C938623BCFD909AB3 /* MediaCore */,
				F3E85C6C25CC30CC19BBF61C /* Receiver */,
				57FEE608805070A510065793 /* Resources */,
				F09D70A8D91D4D9E44FD3378 /* Sources */,
			);
			path = Sources;
			sourceTree = "<group>";
		};
		30ADBAEF5D2EEDBBF60B886A /* Products */ = {
			isa = PBXGroup;
			children = (
				5EA388A3E17F8176FEDBC0DE /* Vimu.app */,
				236199B7B2C8E019BBF2B2A4 /* VimuTests.xctest */,
			);
			name = Products;
			sourceTree = "<group>";
		};
		57FEE608805070A510065793 /* Resources */ = {
			isa = PBXGroup;
			children = (
				B7AF5EC67F95AC56598EBE84 /* LaunchScreen.storyboard */,
			);
			path = Resources;
			sourceTree = "<group>";
		};
		58C405D72DD0DAAF5D26249D /* PersonalMedia */ = {
			isa = PBXGroup;
			children = (
				3A120596E64F5234CA07BEC1 /* EmbyClient.swift */,
				7851E143ADCDB91A4721717B /* JellyfinClient.swift */,
				F1305E7FDDF102EE7FEF33F6 /* MediaServerManager.swift */,
				B66609CD5D68A5EF10FFD0B0 /* MediaServerProtocol.swift */,
			);
			path = PersonalMedia;
			sourceTree = "<group>";
		};
		867D2371F57F1E6E9BDD426A /* Views */ = {
			isa = PBXGroup;
			children = (
				BFB7459E7DDB5EDA806AF284 /* HomeView.swift */,
				0F165796F8316D1BF9B3FB8A /* MainTabView.swift */,
				C55C288C8B4FAACF79BACC9B /* PlayerView.swift */,
				24F99BA021C3D307FB913D67 /* ReceiverStatusView.swift */,
				9DB84CA0B0516D2134A02B48 /* ServerDetailView.swift */,
				CAF296D9591D25234EF14951 /* ServersView.swift */,
				7FA4A3E3175129B6E19165B9 /* SettingsView.swift */,
			);
			path = Views;
			sourceTree = "<group>";
		};
		89DCDB9E65E434B8856D1706 /* Application */ = {
			isa = PBXGroup;
			children = (
				B14EAE3275BD73317AF51934 /* PhoneSceneDelegate.swift */,
				1A6A1AC940D6C96E24296022 /* VimuApp.swift */,
			);
			path = Application;
			sourceTree = "<group>";
		};
		8B41F54A0C21BCF3F474D71F /* Diagnostics */ = {
			isa = PBXGroup;
			children = (
				E827B3CDC4CF61EAA08C52F9 /* DiagnosticsView.swift */,
			);
			path = Diagnostics;
			sourceTree = "<group>";
		};
		8F79028C938623BCFD909AB3 /* MediaCore */ = {
			isa = PBXGroup;
			children = (
				18ACD52ABF1A7B28552D4461 /* MediaItem.swift */,
				EDFAD59F56C09B5381E15979 /* PlaybackHistory.swift */,
				8C7E2C88733EEED0AA46DBFC /* PlaybackSession.swift */,
				660729E7D1EB2358D4E27F8D /* PlayerService.swift */,
			);
			path = MediaCore;
			sourceTree = "<group>";
		};
		D2B18DCE78CD456E4D24B9EC /* iPhone */ = {
			isa = PBXGroup;
			children = (
				867D2371F57F1E6E9BDD426A /* Views */,
			);
			path = iPhone;
			sourceTree = "<group>";
		};
		D6DF3286E46562CB839355D2 /* CarPlay */ = {
			isa = PBXGroup;
			children = (
				6D1DF5452401B7171867001E /* CarPlaySceneDelegate.swift */,
				F0261285E3529148B5B9006B /* CarPlayTemplateBuilder.swift */,
				374C5D4CBA0BA8A717E971CD /* CarPlayVideoPresentation.swift */,
			);
			path = CarPlay;
			sourceTree = "<group>";
		};
		E3966EAFB78086A4F77DE995 = {
			isa = PBXGroup;
			children = (
				209AC3BA1D77579DB9456FA5 /* Sources */,
				1C8443BEE54835751EDCD9E7 /* Tests */,
				30ADBAEF5D2EEDBBF60B886A /* Products */,
			);
			sourceTree = "<group>";
		};
		F09D70A8D91D4D9E44FD3378 /* Sources */ = {
			isa = PBXGroup;
			children = (
				7A7E111820E5FDDEC778706A /* DLNASource.swift */,
				3AFF6727ECC3BD08E43CAF02 /* URLSource.swift */,
				58C405D72DD0DAAF5D26249D /* PersonalMedia */,
			);
			path = Sources;
			sourceTree = "<group>";
		};
		F3E85C6C25CC30CC19BBF61C /* Receiver */ = {
			isa = PBXGroup;
			children = (
				76BBE039818E3F67996DF770 /* AVTransportService.swift */,
				DBC0889A506949C3C7DB1444 /* HTTPServer.swift */,
				748F18B451ED56B098E87EA6 /* SOAPParser.swift */,
				04236877F71D516A35C7D387 /* SSDPService.swift */,
				F2F4C4E0CC74BBEFB14FFDE6 /* UPnPDevice.swift */,
			);
			path = Receiver;
			sourceTree = "<group>";
		};
/* End PBXGroup section */

/* Begin PBXNativeTarget section */
		761E269E19B424F1E854B501 /* Vimu */ = {
			isa = PBXNativeTarget;
			buildConfigurationList = 8E9660C092ABA62CED945684 /* Build configuration list for PBXNativeTarget "Vimu" */;
			buildPhases = (
				5E53990386C294B5892217EF /* Sources */,
				282BADA04DE78E7B4BE0058E /* Resources */,
			);
			buildRules = (
			);
			dependencies = (
			);
			name = Vimu;
			packageProductDependencies = (
			);
			productName = Vimu;
			productReference = 5EA388A3E17F8176FEDBC0DE /* Vimu.app */;
			productType = "com.apple.product-type.application";
		};
		BF493B4E256EFC15BE9404A9 /* VimuTests */ = {
			isa = PBXNativeTarget;
			buildConfigurationList = 208B7E11A9B1F52797FC9184 /* Build configuration list for PBXNativeTarget "VimuTests" */;
			buildPhases = (
				098E85C4451E1C24D055C1D8 /* Sources */,
			);
			buildRules = (
			);
			dependencies = (
				C4805E7F7A883E64FB601E8A /* PBXTargetDependency */,
			);
			name = VimuTests;
			packageProductDependencies = (
			);
			productName = VimuTests;
			productReference = 236199B7B2C8E019BBF2B2A4 /* VimuTests.xctest */;
			productType = "com.apple.product-type.bundle.unit-test";
		};
/* End PBXNativeTarget section */

/* Begin PBXProject section */
		F234F65484567D4124D0CD44 /* Project object */ = {
			isa = PBXProject;
			attributes = {
				BuildIndependentTargetsInParallel = YES;
				LastUpgradeCheck = 1430;
				TargetAttributes = {
					761E269E19B424F1E854B501 = {
						DevelopmentTeam = VFB889K3T3;
						ProvisioningStyle = Automatic;
					};
					BF493B4E256EFC15BE9404A9 = {
						DevelopmentTeam = VFB889K3T3;
					};
				};
			};
			buildConfigurationList = 8D51873F91F2773EAD19087C /* Build configuration list for PBXProject "Vimu" */;
			developmentRegion = en;
			hasScannedForEncodings = 0;
			knownRegions = (
				Base,
				en,
			);
			mainGroup = E3966EAFB78086A4F77DE995;
			minimizedProjectReferenceProxies = 1;
			preferredProjectObjectVersion = 77;
			productRefGroup = 30ADBAEF5D2EEDBBF60B886A /* Products */;
			projectDirPath = "";
			projectRoot = "";
			targets = (
				761E269E19B424F1E854B501 /* Vimu */,
				BF493B4E256EFC15BE9404A9 /* VimuTests */,
			);
		};
/* End PBXProject section */

/* Begin PBXResourcesBuildPhase section */
		282BADA04DE78E7B4BE0058E /* Resources */ = {
			isa = PBXResourcesBuildPhase;
			buildActionMask = 2147483647;
			files = (
				BB3DC469740DA95175A796C6 /* Assets.xcassets in Resources */,
				140316743254A66582C1B1C3 /* LaunchScreen.storyboard in Resources */,
			);
			runOnlyForDeploymentPostprocessing = 0;
		};
/* End PBXResourcesBuildPhase section */

/* Begin PBXSourcesBuildPhase section */
		098E85C4451E1C24D055C1D8 /* Sources */ = {
			isa = PBXSourcesBuildPhase;
			buildActionMask = 2147483647;
			files = (
				59822749FB99636956C3219C /* SOAPParserTests.swift in Sources */,
			);
			runOnlyForDeploymentPostprocessing = 0;
		};
		5E53990386C294B5892217EF /* Sources */ = {
			isa = PBXSourcesBuildPhase;
			buildActionMask = 2147483647;
			files = (
				A4787A196A7FB4A3A61F9E6A /* AVTransportService.swift in Sources */,
				3E0248F0B2BB2E537738E3C5 /* CarPlaySceneDelegate.swift in Sources */,
				2B9372C3607FA8197B7873DB /* CarPlayTemplateBuilder.swift in Sources */,
				EDDDB39DB8C3B4B7CE4FDA08 /* CarPlayVideoPresentation.swift in Sources */,
				116528DEB249B6A1E8AAF64D /* DLNASource.swift in Sources */,
				C7F10F97F35FFCB6CE8F18FD /* DiagnosticsView.swift in Sources */,
				89DA8946BD4EFEACF2398772 /* EmbyClient.swift in Sources */,
				EEB1CFEA6DBE9A43E472D6D9 /* HTTPServer.swift in Sources */,
				3E211C96E83BC258A00C1F27 /* HomeView.swift in Sources */,
				F14B058ED228E4B86A2D5BD9 /* JellyfinClient.swift in Sources */,
				966038DC629D84579669E60F /* MainTabView.swift in Sources */,
				51C32BF436EFB7F6A982FBA9 /* MediaItem.swift in Sources */,
				2A88C825B0C18A3840E76325 /* MediaServerManager.swift in Sources */,
				BA6D83B463B6A8559A194849 /* MediaServerProtocol.swift in Sources */,
				8B1AC47B25A6B93AE413CA37 /* PhoneSceneDelegate.swift in Sources */,
				54CD3A709E2AD68730F1ECCA /* PlaybackHistory.swift in Sources */,
				679E454F05B4296F01A44085 /* PlaybackSession.swift in Sources */,
				5D0C5EEF22D5E8EF9EC35610 /* PlayerService.swift in Sources */,
				8B9514A9369E43CCC0F71B4B /* PlayerView.swift in Sources */,
				28623ABB38ED6DC197B93D7F /* ReceiverStatusView.swift in Sources */,
				13A36F6921F26DFAE6911AB7 /* SOAPParser.swift in Sources */,
				050CD3908ED621E3E684DCFA /* SSDPService.swift in Sources */,
				68BDC3F77DA1B8E3A24923A5 /* ServerDetailView.swift in Sources */,
				ECBB25DB69C5F10016CBC5EB /* ServersView.swift in Sources */,
				F84CABD3AE2BBDDC2CDC3F87 /* SettingsView.swift in Sources */,
				6652226C7906FFFD6772E2B3 /* UPnPDevice.swift in Sources */,
				7AB91B99A42945B1F9729709 /* URLSource.swift in Sources */,
				5C35A1F9A927F08DA758D11E /* VimuApp.swift in Sources */,
			);
			runOnlyForDeploymentPostprocessing = 0;
		};
/* End PBXSourcesBuildPhase section */

/* Begin PBXTargetDependency section */
		C4805E7F7A883E64FB601E8A /* PBXTargetDependency */ = {
			isa = PBXTargetDependency;
			target = 761E269E19B424F1E854B501 /* Vimu */;
			targetProxy = 7D31F4138FF7AA8731382804 /* PBXContainerItemProxy */;
		};
/* End PBXTargetDependency section */

/* Begin XCBuildConfiguration section */
		68B38FECBEAA6C810D1CF6B6 /* Release */ = {
			isa = XCBuildConfiguration;
			buildSettings = {
				BUNDLE_LOADER = "$(TEST_HOST)";
				DEVELOPMENT_TEAM = VFB889K3T3;
				GENERATE_INFOPLIST_FILE = YES;
				IPHONEOS_DEPLOYMENT_TARGET = 17.0;
				LD_RUNPATH_SEARCH_PATHS = (
					"$(inherited)",
					"@executable_path/Frameworks",
					"@loader_path/Frameworks",
				);
				PRODUCT_BUNDLE_IDENTIFIER = com.kold.vimu.tests;
				SDKROOT = iphoneos;
				SWIFT_VERSION = 5.0;
				TARGETED_DEVICE_FAMILY = "1,2";
				TEST_HOST = "$(BUILT_PRODUCTS_DIR)/Vimu.app/$(BUNDLE_EXECUTABLE_FOLDER_PATH)/Vimu";
			};
			name = Release;
		};
		8CEAACD5491CD79B6690F398 /* Release */ = {
			isa = XCBuildConfiguration;
			buildSettings = {
				ASSETCATALOG_COMPILER_APPICON_NAME = AppIcon;
				CODE_SIGN_ENTITLEMENTS = Vimu.entitlements;
				CODE_SIGN_IDENTITY = "iPhone Developer";
				CODE_SIGN_STYLE = Automatic;
				CURRENT_PROJECT_VERSION = 1;
				DEVELOPMENT_TEAM = VFB889K3T3;
				ENABLE_PREVIEWS = YES;
				GENERATE_INFOPLIST_FILE = NO;
				INFOPLIST_FILE = Sources/Info.plist;
				IPHONEOS_DEPLOYMENT_TARGET = 17.0;
				LD_RUNPATH_SEARCH_PATHS = (
					"$(inherited)",
					"@executable_path/Frameworks",
				);
				MARKETING_VERSION = 0.1.0;
				PRODUCT_BUNDLE_IDENTIFIER = com.kold.vimu;
				PRODUCT_MODULE_NAME = Vimu;
				PRODUCT_NAME = Vimu;
				SDKROOT = iphoneos;
				SWIFT_VERSION = 5.0;
				TARGETED_DEVICE_FAMILY = "1,2";
			};
			name = Release;
		};
		B38BEE2E618ED9366145CD02 /* Debug */ = {
			isa = XCBuildConfiguration;
			buildSettings = {
				ASSETCATALOG_COMPILER_APPICON_NAME = AppIcon;
				CODE_SIGN_ENTITLEMENTS = Vimu.entitlements;
				CODE_SIGN_IDENTITY = "iPhone Developer";
				CODE_SIGN_STYLE = Automatic;
				CURRENT_PROJECT_VERSION = 1;
				DEVELOPMENT_TEAM = VFB889K3T3;
				ENABLE_PREVIEWS = YES;
				GENERATE_INFOPLIST_FILE = NO;
				INFOPLIST_FILE = Sources/Info.plist;
				IPHONEOS_DEPLOYMENT_TARGET = 17.0;
				LD_RUNPATH_SEARCH_PATHS = (
					"$(inherited)",
					"@executable_path/Frameworks",
				);
				MARKETING_VERSION = 0.1.0;
				PRODUCT_BUNDLE_IDENTIFIER = com.kold.vimu;
				PRODUCT_MODULE_NAME = Vimu;
				PRODUCT_NAME = Vimu;
				SDKROOT = iphoneos;
				SWIFT_VERSION = 5.0;
				TARGETED_DEVICE_FAMILY = "1,2";
			};
			name = Debug;
		};
		B42DEC7545621553CFD74327 /* Debug */ = {
			isa = XCBuildConfiguration;
			buildSettings = {
				ALWAYS_SEARCH_USER_PATHS = NO;
				CLANG_ANALYZER_NONNULL = YES;
				CLANG_ANALYZER_NUMBER_OBJECT_CONVERSION = YES_AGGRESSIVE;
				CLANG_CXX_LANGUAGE_STANDARD = "gnu++14";
				CLANG_CXX_LIBRARY = "libc++";
				CLANG_ENABLE_MODULES = YES;
				CLANG_ENABLE_OBJC_ARC = YES;
				CLANG_ENABLE_OBJC_WEAK = YES;
				CLANG_WARN_BLOCK_CAPTURE_AUTORELEASING = YES;
				CLANG_WARN_BOOL_CONVERSION = YES;
				CLANG_WARN_COMMA = YES;
				CLANG_WARN_CONSTANT_CONVERSION = YES;
				CLANG_WARN_DEPRECATED_OBJC_IMPLEMENTATIONS = YES;
				CLANG_WARN_DIRECT_OBJC_ISA_USAGE = YES_ERROR;
				CLANG_WARN_DOCUMENTATION_COMMENTS = YES;
				CLANG_WARN_EMPTY_BODY = YES;
				CLANG_WARN_ENUM_CONVERSION = YES;
				CLANG_WARN_INFINITE_RECURSION = YES;
				CLANG_WARN_INT_CONVERSION = YES;
				CLANG_WARN_NON_LITERAL_NULL_CONVERSION = YES;
				CLANG_WARN_OBJC_IMPLICIT_RETAIN_SELF = YES;
				CLANG_WARN_OBJC_LITERAL_CONVERSION = YES;
				CLANG_WARN_OBJC_ROOT_CLASS = YES_ERROR;
				CLANG_WARN_QUOTED_INCLUDE_IN_FRAMEWORK_HEADER = YES;
				CLANG_WARN_RANGE_LOOP_ANALYSIS = YES;
				CLANG_WARN_STRICT_PROTOTYPES = YES;
				CLANG_WARN_SUSPICIOUS_MOVE = YES;
				CLANG_WARN_UNGUARDED_AVAILABILITY = YES_AGGRESSIVE;
				CLANG_WARN_UNREACHABLE_CODE = YES;
				CLANG_WARN__DUPLICATE_METHOD_MATCH = YES;
				COPY_PHASE_STRIP = NO;
				DEBUG_INFORMATION_FORMAT = dwarf;
				DEVELOPMENT_TEAM = VFB889K3T3;
				ENABLE_STRICT_OBJC_MSGSEND = YES;
				ENABLE_TESTABILITY = YES;
				GCC_C_LANGUAGE_STANDARD = gnu11;
				GCC_DYNAMIC_NO_PIC = NO;
				GCC_NO_COMMON_BLOCKS = YES;
				GCC_OPTIMIZATION_LEVEL = 0;
				GCC_PREPROCESSOR_DEFINITIONS = (
					"$(inherited)",
					"DEBUG=1",
				);
				GCC_WARN_64_TO_32_BIT_CONVERSION = YES;
				GCC_WARN_ABOUT_RETURN_TYPE = YES_ERROR;
				GCC_WARN_UNDECLARED_SELECTOR = YES;
				GCC_WARN_UNINITIALIZED_AUTOS = YES_AGGRESSIVE;
				GCC_WARN_UNUSED_FUNCTION = YES;
				GCC_WARN_UNUSED_VARIABLE = YES;
				IPHONEOS_DEPLOYMENT_TARGET = 17.0;
				MTL_ENABLE_DEBUG_INFO = INCLUDE_SOURCE;
				MTL_FAST_MATH = YES;
				ONLY_ACTIVE_ARCH = YES;
				PRODUCT_NAME = "$(TARGET_NAME)";
				SDKROOT = iphoneos;
				SWIFT_ACTIVE_COMPILATION_CONDITIONS = DEBUG;
				SWIFT_OPTIMIZATION_LEVEL = "-Onone";
				SWIFT_VERSION = 5.0;
			};
			name = Debug;
		};
		CE694BBB9BFD8A6B7F80C721 /* Release */ = {
			isa = XCBuildConfiguration;
			buildSettings = {
				ALWAYS_SEARCH_USER_PATHS = NO;
				CLANG_ANALYZER_NONNULL = YES;
				CLANG_ANALYZER_NUMBER_OBJECT_CONVERSION = YES_AGGRESSIVE;
				CLANG_CXX_LANGUAGE_STANDARD = "gnu++14";
				CLANG_CXX_LIBRARY = "libc++";
				CLANG_ENABLE_MODULES = YES;
				CLANG_ENABLE_OBJC_ARC = YES;
				CLANG_ENABLE_OBJC_WEAK = YES;
				CLANG_WARN_BLOCK_CAPTURE_AUTORELEASING = YES;
				CLANG_WARN_BOOL_CONVERSION = YES;
				CLANG_WARN_COMMA = YES;
				CLANG_WARN_CONSTANT_CONVERSION = YES;
				CLANG_WARN_DEPRECATED_OBJC_IMPLEMENTATIONS = YES;
				CLANG_WARN_DIRECT_OBJC_ISA_USAGE = YES_ERROR;
				CLANG_WARN_DOCUMENTATION_COMMENTS = YES;
				CLANG_WARN_EMPTY_BODY = YES;
				CLANG_WARN_ENUM_CONVERSION = YES;
				CLANG_WARN_INFINITE_RECURSION = YES;
				CLANG_WARN_INT_CONVERSION = YES;
				CLANG_WARN_NON_LITERAL_NULL_CONVERSION = YES;
				CLANG_WARN_OBJC_IMPLICIT_RETAIN_SELF = YES;
				CLANG_WARN_OBJC_LITERAL_CONVERSION = YES;
				CLANG_WARN_OBJC_ROOT_CLASS = YES_ERROR;
				CLANG_WARN_QUOTED_INCLUDE_IN_FRAMEWORK_HEADER = YES;
				CLANG_WARN_RANGE_LOOP_ANALYSIS = YES;
				CLANG_WARN_STRICT_PROTOTYPES = YES;
				CLANG_WARN_SUSPICIOUS_MOVE = YES;
				CLANG_WARN_UNGUARDED_AVAILABILITY = YES_AGGRESSIVE;
				CLANG_WARN_UNREACHABLE_CODE = YES;
				CLANG_WARN__DUPLICATE_METHOD_MATCH = YES;
				COPY_PHASE_STRIP = NO;
				DEBUG_INFORMATION_FORMAT = "dwarf-with-dsym";
				DEVELOPMENT_TEAM = VFB889K3T3;
				ENABLE_NS_ASSERTIONS = NO;
				ENABLE_STRICT_OBJC_MSGSEND = YES;
				GCC_C_LANGUAGE_STANDARD = gnu11;
				GCC_NO_COMMON_BLOCKS = YES;
				GCC_WARN_64_TO_32_BIT_CONVERSION = YES;
				GCC_WARN_ABOUT_RETURN_TYPE = YES_ERROR;
				GCC_WARN_UNDECLARED_SELECTOR = YES;
				GCC_WARN_UNINITIALIZED_AUTOS = YES_AGGRESSIVE;
				GCC_WARN_UNUSED_FUNCTION = YES;
				GCC_WARN_UNUSED_VARIABLE = YES;
				IPHONEOS_DEPLOYMENT_TARGET = 17.0;
				MTL_ENABLE_DEBUG_INFO = NO;
				MTL_FAST_MATH = YES;
				PRODUCT_NAME = "$(TARGET_NAME)";
				SDKROOT = iphoneos;
				SWIFT_COMPILATION_MODE = wholemodule;
				SWIFT_OPTIMIZATION_LEVEL = "-O";
				SWIFT_VERSION = 5.0;
			};
			name = Release;
		};
		D5E2454CBA8C034718862DE3 /* Debug */ = {
			isa = XCBuildConfiguration;
			buildSettings = {
				BUNDLE_LOADER = "$(TEST_HOST)";
				DEVELOPMENT_TEAM = VFB889K3T3;
				GENERATE_INFOPLIST_FILE = YES;
				IPHONEOS_DEPLOYMENT_TARGET = 17.0;
				LD_RUNPATH_SEARCH_PATHS = (
					"$(inherited)",
					"@executable_path/Frameworks",
					"@loader_path/Frameworks",
				);
				PRODUCT_BUNDLE_IDENTIFIER = com.kold.vimu.tests;
				SDKROOT = iphoneos;
				SWIFT_VERSION = 5.0;
				TARGETED_DEVICE_FAMILY = "1,2";
				TEST_HOST = "$(BUILT_PRODUCTS_DIR)/Vimu.app/$(BUNDLE_EXECUTABLE_FOLDER_PATH)/Vimu";
			};
			name = Debug;
		};
/* End XCBuildConfiguration section */

/* Begin XCConfigurationList section */
		208B7E11A9B1F52797FC9184 /* Build configuration list for PBXNativeTarget "VimuTests" */ = {
			isa = XCConfigurationList;
			buildConfigurations = (
				D5E2454CBA8C034718862DE3 /* Debug */,
				68B38FECBEAA6C810D1CF6B6 /* Release */,
			);
			defaultConfigurationIsVisible = 0;
			defaultConfigurationName = Debug;
		};
		8D51873F91F2773EAD19087C /* Build configuration list for PBXProject "Vimu" */ = {
			isa = XCConfigurationList;
			buildConfigurations = (
				B42DEC7545621553CFD74327 /* Debug */,
				CE694BBB9BFD8A6B7F80C721 /* Release */,
			);
			defaultConfigurationIsVisible = 0;
			defaultConfigurationName = Debug;
		};
		8E9660C092ABA62CED945684 /* Build configuration list for PBXNativeTarget "Vimu" */ = {
			isa = XCConfigurationList;
			buildConfigurations = (
				B38BEE2E618ED9366145CD02 /* Debug */,
				8CEAACD5491CD79B6690F398 /* Release */,
			);
			defaultConfigurationIsVisible = 0;
			defaultConfigurationName = Debug;
		};
/* End XCConfigurationList section */
	};
	rootObject = F234F65484567D4124D0CD44 /* Project object */;
}
